Microsoft Visual Studio Solution File, Format Version 12.00
# Visual Studio Version 17
VisualStudioVersion = 17.5.2.0
MinimumVisualStudioVersion = 10.0.40219.1
Project("{2150E333-8FDC-42A3-9474-1A3956D46DE8}") = "2-MicrosoftRoadmap", "2-MicrosoftRoadmap", "{3B14EC4C-EED0-0054-2358-3E035D773677}"
EndProject
Project("{2150E333-8FDC-42A3-9474-1A3956D46DE8}") = "1-FirstModule", "1-FirstModule", "{6C15AE11-C3FB-86D3-B4E7-8CA042A45D2D}"
EndProject
Project("{FAE04EC0-301F-11D3-BF4B-00C04F79EFBC}") = "HelloWorld", "2-MicrosoftRoadmap\1-FirstModule\HelloWorld\HelloWorld.csproj", "{DB806C57-1B0A-538E-55E2-DA6EDACF6375}"
EndProject
Global
	GlobalSection(SolutionConfigurationPlatforms) = preSolution
		Debug|Any CPU = Debug|Any CPU
		Release|Any CPU = Release|Any CPU
	EndGlobalSection
	GlobalSection(ProjectConfigurationPlatforms) = postSolution
		{DB806C57-1B0A-538E-55E2-DA6EDACF6375}.Debug|Any CPU.ActiveCfg = Debug|Any CPU
		{DB806C57-1B0A-538E-55E2-DA6EDACF6375}.Debug|Any CPU.Build.0 = Debug|Any CPU
		{DB806C57-1B0A-538E-55E2-DA6EDACF6375}.Release|Any CPU.ActiveCfg = Release|Any CPU
		{DB806C57-1B0A-538E-55E2-DA6EDACF6375}.Release|Any CPU.Build.0 = Release|Any CPU
	EndGlobalSection
	GlobalSection(SolutionProperties) = preSolution
		HideSolutionNode = FALSE
	EndGlobalSection
	GlobalSection(NestedProjects) = preSolution
		{6C15AE11-C3FB-86D3-B4E7-8CA042A45D2D} = {3B14EC4C-EED0-0054-2358-3E035D773677}
		{DB806C57-1B0A-538E-55E2-DA6EDACF6375} = {6C15AE11-C3FB-86D3-B4E7-8CA042A45D2D}
	EndGlobalSection
	GlobalSection(ExtensibilityGlobals) = postSolution
		SolutionGuid = {1989D7A2-C62C-4181-BAA4-D65EE8875338}
	EndGlobalSection
EndGlobal
